uuid: ec4c1f7a-1c4d-4749-b4da-a277ddc737c8
langcode: en-gb
status: true
dependencies:
  content:
    - 'block_content:block_gallery:f38b5aab-6058-4a68-b5aa-dd5d5895a869'
  module:
    - block_content
    - node
  theme:
    - olivero
id: olivero_sampleblock
theme: olivero
region: content
weight: 0
provider: null
plugin: 'block_content:f38b5aab-6058-4a68-b5aa-dd5d5895a869'
settings:
  id: 'block_content:f38b5aab-6058-4a68-b5aa-dd5d5895a869'
  label: 'Sample block'
  label_display: visible
  provider: block_content
  status: true
  info: ''
  view_mode: full
visibility:
  'entity_bundle:node':
    id: 'entity_bundle:node'
    negate: false
    context_mapping:
      node: '@node.node_route_context:node'
    bundles:
      landing_page: landing_page
